
Microsoft Visual Studio Solution File, Format Version 12.00
# Visual Studio 14
VisualStudioVersion = 14.0.25420.1
MinimumVisualStudioVersion = 10.0.40219.1
Project("{FAE04EC0-301F-11D3-BF4B-00C04F79EFBC}") = "Stugo.Json", "Stugo.Json\Stugo.Json.csproj", "{46EA5DBC-F410-4876-893A-5C4165CDD388}"
EndProject
Project("{2150E333-8FDC-42A3-9474-1A3956D46DE8}") = "Solution Items", "Solution Items", "{390C79CA-AA2C-4CB1-ABF0-661FD138389D}"
	ProjectSection(SolutionItems) = preProject
		.gitattributes = .gitattributes
		.gitignore = .gitignore
		README.md = README.md
		appveyor.yml = appveyor.yml
	EndProjectSection
EndProject
Project("{FAE04EC0-301F-11D3-BF4B-00C04F79EFBC}") = "Stugo.Json.Test", "Stugo.Json.Test\Stugo.Json.Test.csproj", "{99133EF6-84E2-4EE8-9266-B3FC821392AB}"
EndProject
Global
	GlobalSection(SolutionConfigurationPlatforms) = preSolution
		Debug|Any CPU = Debug|Any CPU
		net40|Any CPU = net40|Any CPU

	EndGlobalSection
	GlobalSection(ProjectConfigurationPlatforms) = postSolution
		{46EA5DBC-F410-4876-893A-5C4165CDD388}.Debug|Any CPU.ActiveCfg = Debug|Any CPU
		{46EA5DBC-F410-4876-893A-5C4165CDD388}.Debug|Any CPU.Build.0 = Debug|Any CPU
		{46EA5DBC-F410-4876-893A-5C4165CDD388}.net40|Any CPU.ActiveCfg = net40|Any CPU
		{46EA5DBC-F410-4876-893A-5C4165CDD388}.net40|Any CPU.Build.0 = net40|Any CPU

		{99133EF6-84E2-4EE8-9266-B3FC821392AB}.Debug|Any CPU.ActiveCfg = Debug|Any CPU
		{99133EF6-84E2-4EE8-9266-B3FC821392AB}.Debug|Any CPU.Build.0 = Debug|Any CPU
		{99133EF6-84E2-4EE8-9266-B3FC821392AB}.Release|Any CPU.ActiveCfg = Debug|Any CPU
		{99133EF6-84E2-4EE8-9266-B3FC821392AB}.Release|Any CPU.Build.0 = Debug|Any CPU
	EndGlobalSection
	GlobalSection(SolutionProperties) = preSolution
		HideSolutionNode = FALSE
	EndGlobalSection
EndGlobal
